// !$*UTF8*$!
{
	archiveVersion = 1;
	classes = {
	};
	objectVersion = 55;
	objects = {

/* Begin PBXBuildFile section */
		EBB62FAD28B83C99008C9047 /* AppDelegate.swift in Sources */ = {isa = PBXBuildFile; fileRef = EBB62FAC28B83C99008C9047 /* AppDelegate.swift */; };
		EBB62FAF28B83C99008C9047 /* SceneDelegate.swift in Sources */ = {isa = PBXBuildFile; fileRef = EBB62FAE28B83C99008C9047 /* SceneDelegate.swift */; };
		EBB62FB128B83C99008C9047 /* IssueVisualizationViewController.swift in Sources */ = {isa = PBXBuildFile; fileRef = EBB62FB028B83C99008C9047 /* IssueVisualizationViewController.swift */; };
		EBB62FB428B83C99008C9047 /* Main.storyboard in Resources */ = {isa = PBXBuildFile; fileRef = EBB62FB228B83C99008C9047 /* Main.storyboard */; };
		EBB62FB628B83C9A008C9047 /* Assets.xcassets in Resources */ = {isa = PBXBuildFile; fileRef = EBB62FB528B83C9A008C9047 /* Assets.xcassets */; };
		EBB62FB928B83C9A008C9047 /* LaunchScreen.storyboard in Resources */ = {isa = PBXBuildFile; fileRef = EBB62FB728B83C9A008C9047 /* LaunchScreen.storyboard */; };
/* End PBXBuildFile section */

/* Begin PBXFileReference section */
		EBB62FA928B83C99008C9047 /* AdrianoAndersonGustavoLuisPaulo.app */ = {isa = PBXFileReference; explicitFileType = wrapper.application; includeInIndex = 0; path = AdrianoAndersonGustavoLuisPaulo.app; sourceTree = BUILT_PRODUCTS_DIR; };
		EBB62FAC28B83C99008C9047 /* AppDelegate.swift */ = {isa = PBXFileReference; lastKnownFileType = sourcecode.swift; path = AppDelegate.swift; sourceTree = "<group>"; };
		EBB62FAE28B83C99008C9047 /* SceneDelegate.swift */ = {isa = PBXFileReference; lastKnownFileType = sourcecode.swift; path = SceneDelegate.swift; sourceTree = "<group>"; };
		EBB62FB028B83C99008C9047 /* IssueVisualizationViewController.swift */ = {isa = PBXFileReference; lastKnownFileType = sourcecode.swift; path = IssueVisualizationViewController.swift; sourceTree = "<group>"; };
		EBB62FB328B83C99008C9047 /* Base */ = {isa = PBXFileReference; lastKnownFileType = file.storyboard; name = Base; path = Base.lproj/Main.storyboard; sourceTree = "<group>"; };
		EBB62FB528B83C9A008C9047 /* Assets.xcassets */ = {isa = PBXFileReference; lastKnownFileType = folder.assetcatalog; path = Assets.xcassets; sourceTree = "<group>"; };
		EBB62FB828B83C9A008C9047 /* Base */ = {isa = PBXFileReference; lastKnownFileType = file.storyboard; name = Base; path = Base.lproj/LaunchScreen.storyboard; sourceTree = "<group>"; };
		EBB62FBA28B83C9A008C9047 /* Info.plist */ = {isa = PBXFileReference; lastKnownFileType = text.plist.xml; path = Info.plist; sourceTree = "<group>"; };
/* End PBXFileReference section */

/* Begin PBXFrameworksBuildPhase section */
		EBB62FA628B83C99008C9047 /* Frameworks */ = {
			isa = PBXFrameworksBuildPhase;
			buildActionMask = 2147483647;
			files = (
			);
			runOnlyForDeploymentPostprocessing = 0;
		};
/* End PBXFrameworksBuildPhase section */

/* Begin PBXGroup section */
		EBB62FA028B83C99008C9047 = {
			isa = PBXGroup;
			children = (
				EBB62FAB28B83C99008C9047 /* AdrianoAndersonGustavoLuisPaulo */,
				EBB62FAA28B83C99008C9047 /* Products */,
			);
			sourceTree = "<group>";
		};
		EBB62FAA28B83C99008C9047 /* Products */ = {
			isa = PBXGroup;
			children = (
				EBB62FA928B83C99008C9047 /* AdrianoAndersonGustavoLuisPaulo.app */,
			);
			name = Products;
			sourceTree = "<group>";
		};
		EBB62FAB28B83C99008C9047 /* AdrianoAndersonGustavoLuisPaulo */ = {
			isa = PBXGroup;
			children = (
				EBB62FCE28B84397008C9047 /* Main */,
				EBB62FCF28B843A2008C9047 /* Features */,
				EBB62FB528B83C9A008C9047 /* Assets.xcassets */,
				EBB62FBA28B83C9A008C9047 /* Info.plist */,
			);
			path = AdrianoAndersonGustavoLuisPaulo;
			sourceTree = "<group>";
		};
		EBB62FCE28B84397008C9047 /* Main */ = {
			isa = PBXGroup;
			children = (
				EBB62FD028B843E0008C9047 /* View */,
				EBB62FAC28B83C99008C9047 /* AppDelegate.swift */,
				EBB62FAE28B83C99008C9047 /* SceneDelegate.swift */,
			);
			path = Main;
			sourceTree = "<group>";
		};
		EBB62FCF28B843A2008C9047 /* Features */ = {
			isa = PBXGroup;
			children = (
				EBB62FD228B84401008C9047 /* IssueVisualization */,
				EBB62FD128B843F5008C9047 /* IssuesListing */,
			);
			path = Features;
			sourceTree = "<group>";
		};
		EBB62FD028B843E0008C9047 /* View */ = {
			isa = PBXGroup;
			children = (
				EBB62FB228B83C99008C9047 /* Main.storyboard */,
				EBB62FB728B83C9A008C9047 /* LaunchScreen.storyboard */,
			);
			path = View;
			sourceTree = "<group>";
		};
		EBB62FD128B843F5008C9047 /* IssuesListing */ = {
			isa = PBXGroup;
			children = (
				EBB62FD828B84436008C9047 /* View */,
				EBB62FD728B8442E008C9047 /* Model */,
				EBB62FD628B84427008C9047 /* Controller */,
			);
			path = IssuesListing;
			sourceTree = "<group>";
		};
		EBB62FD228B84401008C9047 /* IssueVisualization */ = {
			isa = PBXGroup;
			children = (
				EBB62FD528B84420008C9047 /* View */,
				EBB62FD428B84418008C9047 /* Model */,
				EBB62FD328B8440D008C9047 /* Controller */,
			);
			path = IssueVisualization;
			sourceTree = "<group>";
		};
		EBB62FD328B8440D008C9047 /* Controller */ = {
			isa = PBXGroup;
			children = (
				EBB62FB028B83C99008C9047 /* IssueVisualizationViewController.swift */,
			);
			path = Controller;
			sourceTree = "<group>";
		};
		EBB62FD428B84418008C9047 /* Model */ = {
			isa = PBXGroup;
			children = (
			);
			path = Model;
			sourceTree = "<group>";
		};
		EBB62FD528B84420008C9047 /* View */ = {
			isa = PBXGroup;
			children = (
			);
			path = View;
			sourceTree = "<group>";
		};
		EBB62FD628B84427008C9047 /* Controller */ = {
			isa = PBXGroup;
			children = (
			);
			path = Controller;
			sourceTree = "<group>";
		};
		EBB62FD728B8442E008C9047 /* Model */ = {
			isa = PBXGroup;
			children = (
			);
			path = Model;
			sourceTree = "<group>";
		};
		EBB62FD828B84436008C9047 /* View */ = {
			isa = PBXGroup;
			children = (
			);
			path = View;
			sourceTree = "<group>";
		};
/* End PBXGroup section */

/* Begin PBXNativeTarget section */
		EBB62FA828B83C99008C9047 /* AdrianoAndersonGustavoLuisPaulo */ = {
			isa = PBXNativeTarget;
			buildConfigurationList = EBB62FBD28B83C9A008C9047 /* Build configuration list for PBXNativeTarget "AdrianoAndersonGustavoLuisPaulo" */;
			buildPhases = (
				EBB62FA528B83C99008C9047 /* Sources */,
				EBB62FA628B83C99008C9047 /* Frameworks */,
				EBB62FA728B83C99008C9047 /* Resources */,
			);
			buildRules = (
			);
			dependencies = (
			);
			name = AdrianoAndersonGustavoLuisPaulo;
			productName = AdrianoAndersonGustavoLuisPaulo;
			productReference = EBB62FA928B83C99008C9047 /* AdrianoAndersonGustavoLuisPaulo.app */;
			productType = "com.apple.product-type.application";
		};
/* End PBXNativeTarget section */

/* Begin PBXProject section */
		EBB62FA128B83C99008C9047 /* Project object */ = {
			isa = PBXProject;
			attributes = {
				BuildIndependentTargetsInParallel = 1;
				LastSwiftUpdateCheck = 1340;
				LastUpgradeCheck = 1340;
				TargetAttributes = {
					EBB62FA828B83C99008C9047 = {
						CreatedOnToolsVersion = 13.4.1;
					};
				};
			};
			buildConfigurationList = EBB62FA428B83C99008C9047 /* Build configuration list for PBXProject "AdrianoAndersonGustavoLuisPaulo" */;
			compatibilityVersion = "Xcode 13.0";
			developmentRegion = en;
			hasScannedForEncodings = 0;
			knownRegions = (
				en,
				Base,
			);
			mainGroup = EBB62FA028B83C99008C9047;
			productRefGroup = EBB62FAA28B83C99008C9047 /* Products */;
			projectDirPath = "";
			projectRoot = "";
			targets = (
				EBB62FA828B83C99008C9047 /* AdrianoAndersonGustavoLuisPaulo */,
			);
		};
/* End PBXProject section */

/* Begin PBXResourcesBuildPhase section */
		EBB62FA728B83C99008C9047 /* Resources */ = {
			isa = PBXResourcesBuildPhase;
			buildActionMask = 2147483647;
			files = (
				EBB62FB928B83C9A008C9047 /* LaunchScreen.storyboard in Resources */,
				EBB62FB628B83C9A008C9047 /* Assets.xcassets in Resources */,
				EBB62FB428B83C99008C9047 /* Main.storyboard in Resources */,
			);
			runOnlyForDeploymentPostprocessing = 0;
		};
/* End PBXResourcesBuildPhase section */

/* Begin PBXSourcesBuildPhase section */
		EBB62FA528B83C99008C9047 /* Sources */ = {
			isa = PBXSourcesBuildPhase;
			buildActionMask = 2147483647;
			files = (
				EBB62FB128B83C99008C9047 /* IssueVisualizationViewController.swift in Sources */,
				EBB62FAD28B83C99008C9047 /* AppDelegate.swift in Sources */,
				EBB62FAF28B83C99008C9047 /* SceneDelegate.swift in Sources */,
			);
			runOnlyForDeploymentPostprocessing = 0;
		};
/* End PBXSourcesBuildPhase section */

/* Begin PBXVariantGroup section */
		EBB62FB228B83C99008C9047 /* Main.storyboard */ = {
			isa = PBXVariantGroup;
			children = (
				EBB62FB328B83C99008C9047 /* Base */,
			);
			name = Main.storyboard;
			sourceTree = "<group>";
		};
		EBB62FB728B83C9A008C9047 /* LaunchScreen.storyboard */ = {
			isa = PBXVariantGroup;
			children = (
				EBB62FB828B83C9A008C9047 /* Base */,
			);
			name = LaunchScreen.storyboard;
			sourceTree = "<group>";
		};
/* End PBXVariantGroup section */

/* Begin XCBuildConfiguration section */
		EBB62FBB28B83C9A008C9047 /* Debug */ = {
			isa = XCBuildConfiguration;
			buildSettings = {
				ALWAYS_SEARCH_USER_PATHS = NO;
				CLANG_ANALYZER_NONNULL = YES;
				CLANG_ANALYZER_NUMBER_OBJECT_CONVERSION = YES_AGGRESSIVE;
				CLANG_CXX_LANGUAGE_STANDARD = "gnu++17";
				CLANG_ENABLE_MODULES = YES;
				CLANG_ENABLE_OBJC_ARC = YES;
				CLANG_ENABLE_OBJC_WEAK = YES;
				CLANG_WARN_BLOCK_CAPTURE_AUTORELEASING = YES;
				CLANG_WARN_BOOL_CONVERSION = YES;
				CLANG_WARN_COMMA = YES;
				CLANG_WARN_CONSTANT_CONVERSION = YES;
				CLANG_WARN_DEPRECATED_OBJC_IMPLEMENTATIONS = YES;
				CLANG_WARN_DIRECT_OBJC_ISA_USAGE = YES_ERROR;
				CLANG_WARN_DOCUMENTATION_COMMENTS = YES;
				CLANG_WARN_EMPTY_BODY = YES;
				CLANG_WARN_ENUM_CONVERSION = YES;
				CLANG_WARN_INFINITE_RECURSION = YES;
				CLANG_WARN_INT_CONVERSION = YES;
				CLANG_WARN_NON_LITERAL_NULL_CONVERSION = YES;
				CLANG_WARN_OBJC_IMPLICIT_RETAIN_SELF = YES;
				CLANG_WARN_OBJC_LITERAL_CONVERSION = YES;
				CLANG_WARN_OBJC_ROOT_CLASS = YES_ERROR;
				CLANG_WARN_QUOTED_INCLUDE_IN_FRAMEWORK_HEADER = YES;
				CLANG_WARN_RANGE_LOOP_ANALYSIS = YES;
				CLANG_WARN_STRICT_PROTOTYPES = YES;
				CLANG_WARN_SUSPICIOUS_MOVE = YES;
				CLANG_WARN_UNGUARDED_AVAILABILITY = YES_AGGRESSIVE;
				CLANG_WARN_UNREACHABLE_CODE = YES;
				CLANG_WARN__DUPLICATE_METHOD_MATCH = YES;
				COPY_PHASE_STRIP = NO;
				DEBUG_INFORMATION_FORMAT = dwarf;
				ENABLE_STRICT_OBJC_MSGSEND = YES;
				ENABLE_TESTABILITY = YES;
				GCC_C_LANGUAGE_STANDARD = gnu11;
				GCC_DYNAMIC_NO_PIC = NO;
				GCC_NO_COMMON_BLOCKS = YES;
				GCC_OPTIMIZATION_LEVEL = 0;
				GCC_PREPROCESSOR_DEFINITIONS = (
					"DEBUG=1",
					"$(inherited)",
				);
				GCC_WARN_64_TO_32_BIT_CONVERSION = YES;
				GCC_WARN_ABOUT_RETURN_TYPE = YES_ERROR;
				GCC_WARN_UNDECLARED_SELECTOR = YES;
				GCC_WARN_UNINITIALIZED_AUTOS = YES_AGGRESSIVE;
				GCC_WARN_UNUSED_FUNCTION = YES;
				GCC_WARN_UNUSED_VARIABLE = YES;
				IPHONEOS_DEPLOYMENT_TARGET = 15.5;
				MTL_ENABLE_DEBUG_INFO = INCLUDE_SOURCE;
				MTL_FAST_MATH = YES;
				ONLY_ACTIVE_ARCH = YES;
				SDKROOT = iphoneos;
				SWIFT_ACTIVE_COMPILATION_CONDITIONS = DEBUG;
				SWIFT_OPTIMIZATION_LEVEL = "-Onone";
			};
			name = Debug;
		};
		EBB62FBC28B83C9A008C9047 /* Release */ = {
			isa = XCBuildConfiguration;
			buildSettings = {
				ALWAYS_SEARCH_USER_PATHS = NO;
				CLANG_ANALYZER_NONNULL = YES;
				CLANG_ANALYZER_NUMBER_OBJECT_CONVERSION = YES_AGGRESSIVE;
				CLANG_CXX_LANGUAGE_STANDARD = "gnu++17";
				CLANG_ENABLE_MODULES = YES;
				CLANG_ENABLE_OBJC_ARC = YES;
				CLANG_ENABLE_OBJC_WEAK = YES;
				CLANG_WARN_BLOCK_CAPTURE_AUTORELEASING = YES;
				CLANG_WARN_BOOL_CONVERSION = YES;
				CLANG_WARN_COMMA = YES;
				CLANG_WARN_CONSTANT_CONVERSION = YES;
				CLANG_WARN_DEPRECATED_OBJC_IMPLEMENTATIONS = YES;
				CLANG_WARN_DIRECT_OBJC_ISA_USAGE = YES_ERROR;
				CLANG_WARN_DOCUMENTATION_COMMENTS = YES;
				CLANG_WARN_EMPTY_BODY = YES;
				CLANG_WARN_ENUM_CONVERSION = YES;
				CLANG_WARN_INFINITE_RECURSION = YES;
				CLANG_WARN_INT_CONVERSION = YES;
				CLANG_WARN_NON_LITERAL_NULL_CONVERSION = YES;
				CLANG_WARN_OBJC_IMPLICIT_RETAIN_SELF = YES;
				CLANG_WARN_OBJC_LITERAL_CONVERSION = YES;
				CLANG_WARN_OBJC_ROOT_CLASS = YES_ERROR;
				CLANG_WARN_QUOTED_INCLUDE_IN_FRAMEWORK_HEADER = YES;
				CLANG_WARN_RANGE_LOOP_ANALYSIS = YES;
				CLANG_WARN_STRICT_PROTOTYPES = YES;
				CLANG_WARN_SUSPICIOUS_MOVE = YES;
				CLANG_WARN_UNGUARDED_AVAILABILITY = YES_AGGRESSIVE;
				CLANG_WARN_UNREACHABLE_CODE = YES;
				CLANG_WARN__DUPLICATE_METHOD_MATCH = YES;
				COPY_PHASE_STRIP = NO;
				DEBUG_INFORMATION_FORMAT = "dwarf-with-dsym";
				ENABLE_NS_ASSERTIONS = NO;
				ENABLE_STRICT_OBJC_MSGSEND = YES;
				GCC_C_LANGUAGE_STANDARD = gnu11;
				GCC_NO_COMMON_BLOCKS = YES;
				GCC_WARN_64_TO_32_BIT_CONVERSION = YES;
				GCC_WARN_ABOUT_RETURN_TYPE = YES_ERROR;
				GCC_WARN_UNDECLARED_SELECTOR = YES;
				GCC_WARN_UNINITIALIZED_AUTOS = YES_AGGRESSIVE;
				GCC_WARN_UNUSED_FUNCTION = YES;
				GCC_WARN_UNUSED_VARIABLE = YES;
				IPHONEOS_DEPLOYMENT_TARGET = 15.5;
				MTL_ENABLE_DEBUG_INFO = NO;
				MTL_FAST_MATH = YES;
				SDKROOT = iphoneos;
				SWIFT_COMPILATION_MODE = wholemodule;
				SWIFT_OPTIMIZATION_LEVEL = "-O";
				VALIDATE_PRODUCT = YES;
			};
			name = Release;
		};
		EBB62FBE28B83C9A008C9047 /* Debug */ = {
			isa = XCBuildConfiguration;
			buildSettings = {
				ASSETCATALOG_COMPILER_APPICON_NAME = AppIcon;
				ASSETCATALOG_COMPILER_GLOBAL_ACCENT_COLOR_NAME = AccentColor;
				CODE_SIGN_STYLE = Automatic;
				CURRENT_PROJECT_VERSION = 1;
				GENERATE_INFOPLIST_FILE = YES;
				INFOPLIST_FILE = AdrianoAndersonGustavoLuisPaulo/Info.plist;
				INFOPLIST_KEY_UIApplicationSupportsIndirectInputEvents = YES;
				INFOPLIST_KEY_UILaunchStoryboardName = LaunchScreen;
				INFOPLIST_KEY_UIMainStoryboardFile = Main;
				INFOPLIST_KEY_UISupportedInterfaceOrientations_iPad = "UIInterfaceOrientationPortrait UIInterfaceOrientationPortraitUpsideDown UIInterfaceOrientationLandscapeLeft UIInterfaceOrientationLandscapeRight";
				INFOPLIST_KEY_UISupportedInterfaceOrientations_iPhone = "UIInterfaceOrientationPortrait UIInterfaceOrientationLandscapeLeft UIInterfaceOrientationLandscapeRight";
				LD_RUNPATH_SEARCH_PATHS = (
					"$(inherited)",
					"@executable_path/Frameworks",
				);
				MARKETING_VERSION = 1.0;
				PRODUCT_BUNDLE_IDENTIFIER = br.com.luisfsena.AdrianoAndersonGustavoLuisPaulo;
				PRODUCT_NAME = "$(TARGET_NAME)";
				SWIFT_EMIT_LOC_STRINGS = YES;
				SWIFT_VERSION = 5.0;
				TARGETED_DEVICE_FAMILY = "1,2";
			};
			name = Debug;
		};
		EBB62FBF28B83C9A008C9047 /* Release */ = {
			isa = XCBuildConfiguration;
			buildSettings = {
				ASSETCATALOG_COMPILER_APPICON_NAME = AppIcon;
				ASSETCATALOG_COMPILER_GLOBAL_ACCENT_COLOR_NAME = AccentColor;
				CODE_SIGN_STYLE = Automatic;
				CURRENT_PROJECT_VERSION = 1;
				GENERATE_INFOPLIST_FILE = YES;
				INFOPLIST_FILE = AdrianoAndersonGustavoLuisPaulo/Info.plist;
				INFOPLIST_KEY_UIApplicationSupportsIndirectInputEvents = YES;
				INFOPLIST_KEY_UILaunchStoryboardName = LaunchScreen;
				INFOPLIST_KEY_UIMainStoryboardFile = Main;
				INFOPLIST_KEY_UISupportedInterfaceOrientations_iPad = "UIInterfaceOrientationPortrait UIInterfaceOrientationPortraitUpsideDown UIInterfaceOrientationLandscapeLeft UIInterfaceOrientationLandscapeRight";
				INFOPLIST_KEY_UISupportedInterfaceOrientations_iPhone = "UIInterfaceOrientationPortrait UIInterfaceOrientationLandscapeLeft UIInterfaceOrientationLandscapeRight";
				LD_RUNPATH_SEARCH_PATHS = (
					"$(inherited)",
					"@executable_path/Frameworks",
				);
				MARKETING_VERSION = 1.0;
				PRODUCT_BUNDLE_IDENTIFIER = br.com.luisfsena.AdrianoAndersonGustavoLuisPaulo;
				PRODUCT_NAME = "$(TARGET_NAME)";
				SWIFT_EMIT_LOC_STRINGS = YES;
				SWIFT_VERSION = 5.0;
				TARGETED_DEVICE_FAMILY = "1,2";
			};
			name = Release;
		};
/* End XCBuildConfiguration section */

/* Begin XCConfigurationList section */
		EBB62FA428B83C99008C9047 /* Build configuration list for PBXProject "AdrianoAndersonGustavoLuisPaulo" */ = {
			isa = XCConfigurationList;
			buildConfigurations = (
				EBB62FBB28B83C9A008C9047 /* Debug */,
				EBB62FBC28B83C9A008C9047 /* Release */,
			);
			defaultConfigurationIsVisible = 0;
			defaultConfigurationName = Release;
		};
		EBB62FBD28B83C9A008C9047 /* Build configuration list for PBXNativeTarget "AdrianoAndersonGustavoLuisPaulo" */ = {
			isa = XCConfigurationList;
			buildConfigurations = (
				EBB62FBE28B83C9A008C9047 /* Debug */,
				EBB62FBF28B83C9A008C9047 /* Release */,
			);
			defaultConfigurationIsVisible = 0;
			defaultConfigurationName = Release;
		};
/* End XCConfigurationList section */
	};
	rootObject = EBB62FA128B83C99008C9047 /* Project object */;
}
